
Microsoft Visual Studio Solution File, Format Version 12.00
# Visual Studio 15
VisualStudioVersion = 15.0.28307.102
MinimumVisualStudioVersion = 10.0.40219.1
Project("{8BC9CEB8-8B4A-11D0-8D11-00A0C91BC942}") = "OOP", "OOP\OOP.vcxproj", "{1AFFD2D6-26B7-40CA-82EF-F57EF9B504AD}"
EndProject
Global
	GlobalSection(SolutionConfigurationPlatforms) = preSolution
		Debug|x64 = Debug|x64
		Debug|x86 = Debug|x86
		Release|x64 = Release|x64
		Release|x86 = Release|x86
	EndGlobalSection
	GlobalSection(ProjectConfigurationPlatforms) = postSolution
		{1AFFD2D6-26B7-40CA-82EF-F57EF9B504AD}.Debug|x64.ActiveCfg = Debug|x64
		{1AFFD2D6-26B7-40CA-82EF-F57EF9B504AD}.Debug|x64.Build.0 = Debug|x64
		{1AFFD2D6-26B7-40CA-82EF-F57EF9B504AD}.Debug|x86.ActiveCfg = Debug|Win32
		{1AFFD2D6-26B7-40CA-82EF-F57EF9B504AD}.Debug|x86.Build.0 = Debug|Win32
		{1AFFD2D6-26B7-40CA-82EF-F57EF9B504AD}.Release|x64.ActiveCfg = Release|x64
		{1AFFD2D6-26B7-40CA-82EF-F57EF9B504AD}.Release|x64.Build.0 = Release|x64
		{1AFFD2D6-26B7-40CA-82EF-F57EF9B504AD}.Release|x86.ActiveCfg = Release|Win32
		{1AFFD2D6-26B7-40CA-82EF-F57EF9B504AD}.Release|x86.Build.0 = Release|Win32
	EndGlobalSection
	GlobalSection(SolutionProperties) = preSolution
		HideSolutionNode = FALSE
	EndGlobalSection
	GlobalSection(ExtensibilityGlobals) = postSolution
		SolutionGuid = {D2F00D0B-0983-4D1B-9E9A-2C563BC0AB18}
	EndGlobalSection
EndGlobal
